
Microsoft Visual Studio Solution File, Format Version 12.00
# Visual Studio Version 17
VisualStudioVersion = 17.9.34622.214
MinimumVisualStudioVersion = 10.0.40219.1
Project("{8BC9CEB8-8B4A-11D0-8D11-00A0C91BC942}") = "IntroductionToOOP", "IntroductionToOOP\IntroductionToOOP.vcxproj", "{5395E64E-6795-4EFF-BC54-954367BF8A59}"
EndProject
Project("{8BC9CEB8-8B4A-11D0-8D11-00A0C91BC942}") = "String", "String\String.vcxproj", "{80BBF671-6B58-452A-92D3-A8676E22F607}"
EndProject
Project("{8BC9CEB8-8B4A-11D0-8D11-00A0C91BC942}") = "Fraction", "Fraction\Fraction.vcxproj", "{2084B843-8451-4E20-9A3E-54FF6FB9C316}"
EndProject
Global
	GlobalSection(SolutionConfigurationPlatforms) = preSolution
		Debug|x64 = Debug|x64
		Debug|x86 = Debug|x86
		Release|x64 = Release|x64
		Release|x86 = Release|x86
	EndGlobalSection
	GlobalSection(ProjectConfigurationPlatforms) = postSolution
		{5395E64E-6795-4EFF-BC54-954367BF8A59}.Debug|x64.ActiveCfg = Debug|x64
		{5395E64E-6795-4EFF-BC54-954367BF8A59}.Debug|x64.Build.0 = Debug|x64
		{5395E64E-6795-4EFF-BC54-954367BF8A59}.Debug|x86.ActiveCfg = Debug|Win32
		{5395E64E-6795-4EFF-BC54-954367BF8A59}.Debug|x86.Build.0 = Debug|Win32
		{5395E64E-6795-4EFF-BC54-954367BF8A59}.Release|x64.ActiveCfg = Release|x64
		{5395E64E-6795-4EFF-BC54-954367BF8A59}.Release|x64.Build.0 = Release|x64
		{5395E64E-6795-4EFF-BC54-954367BF8A59}.Release|x86.ActiveCfg = Release|Win32
		{5395E64E-6795-4EFF-BC54-954367BF8A59}.Release|x86.Build.0 = Release|Win32
		{80BBF671-6B58-452A-92D3-A8676E22F607}.Debug|x64.ActiveCfg = Debug|x64
		{80BBF671-6B58-452A-92D3-A8676E22F607}.Debug|x64.Build.0 = Debug|x64
		{80BBF671-6B58-452A-92D3-A8676E22F607}.Debug|x86.ActiveCfg = Debug|Win32
		{80BBF671-6B58-452A-92D3-A8676E22F607}.Debug|x86.Build.0 = Debug|Win32
		{80BBF671-6B58-452A-92D3-A8676E22F607}.Release|x64.ActiveCfg = Release|x64
		{80BBF671-6B58-452A-92D3-A8676E22F607}.Release|x64.Build.0 = Release|x64
		{80BBF671-6B58-452A-92D3-A8676E22F607}.Release|x86.ActiveCfg = Release|Win32
		{80BBF671-6B58-452A-92D3-A8676E22F607}.Release|x86.Build.0 = Release|Win32
		{2084B843-8451-4E20-9A3E-54FF6FB9C316}.Debug|x64.ActiveCfg = Debug|x64
		{2084B843-8451-4E20-9A3E-54FF6FB9C316}.Debug|x64.Build.0 = Debug|x64
		{2084B843-8451-4E20-9A3E-54FF6FB9C316}.Debug|x86.ActiveCfg = Debug|Win32
		{2084B843-8451-4E20-9A3E-54FF6FB9C316}.Debug|x86.Build.0 = Debug|Win32
		{2084B843-8451-4E20-9A3E-54FF6FB9C316}.Release|x64.ActiveCfg = Release|x64
		{2084B843-8451-4E20-9A3E-54FF6FB9C316}.Release|x64.Build.0 = Release|x64
		{2084B843-8451-4E20-9A3E-54FF6FB9C316}.Release|x86.ActiveCfg = Release|Win32
		{2084B843-8451-4E20-9A3E-54FF6FB9C316}.Release|x86.Build.0 = Release|Win32
	EndGlobalSection
	GlobalSection(SolutionProperties) = preSolution
		HideSolutionNode = FALSE
	EndGlobalSection
	GlobalSection(ExtensibilityGlobals) = postSolution
		SolutionGuid = {9E80CCBE-BDB5-479B-9A2F-B47839B1A652}
	EndGlobalSection
EndGlobal
